
Microsoft Visual Studio Solution File, Format Version 12.00
# Visual Studio Version 17
VisualStudioVersion = 17.0.31903.59
MinimumVisualStudioVersion = 10.0.40219.1
Project("{9A19103F-16F7-4668-BE54-9A1E7A4F7556}") = "ClassesObjetos", "ClassesObjetos\ClassesObjetos.csproj", "{83BB486F-5911-4F12-8139-97343A95E5DC}"
EndProject
Project("{9A19103F-16F7-4668-BE54-9A1E7A4F7556}") = "MetodosDasClasses", "MetodosDasClasses\MetodosDasClasses.csproj", "{DE7F791D-2EE0-4882-AFD7-4A21FDE0969C}"
EndProject
Project("{9A19103F-16F7-4668-BE54-9A1E7A4F7556}") = "TermoThis", "TermoThis\TermoThis.csproj", "{B040704E-A123-4CE7-8E75-F1515FBE3BEE}"
EndProject
Project("{9A19103F-16F7-4668-BE54-9A1E7A4F7556}") = "TipoDelegate", "TipoDelegate\TipoDelegate.csproj", "{3EEED266-BCB4-4453-9D64-531688E1CC3C}"
EndProject
Project("{9A19103F-16F7-4668-BE54-9A1E7A4F7556}") = "MetodoConstrutor", "MetodoConstrutor\MetodoConstrutor.csproj", "{977D4B6F-783B-45B6-A3D1-B01D75360827}"
EndProject
Project("{9A19103F-16F7-4668-BE54-9A1E7A4F7556}") = "Estaticas", "Estaticas\Estaticas.csproj", "{90F0D1E1-01D3-4651-9D9D-86EA53ECEFFB}"
EndProject
Project("{FAE04EC0-301F-11D3-BF4B-00C04F79EFBC}") = "Propriedades", "Propriedades\Propriedades.csproj", "{1D38724A-96D5-432E-9BE4-24DCDE74D54C}"
EndProject
Project("{FAE04EC0-301F-11D3-BF4B-00C04F79EFBC}") = "Encapsular", "Encapsular\Encapsular.csproj", "{04062A11-7A88-453E-92CB-4134F4597DC7}"
EndProject
Project("{FAE04EC0-301F-11D3-BF4B-00C04F79EFBC}") = "Heranca", "Heranca\Heranca.csproj", "{C36C0FC7-DDEF-4198-907F-325EE15AEE98}"
EndProject
Project("{FAE04EC0-301F-11D3-BF4B-00C04F79EFBC}") = "Modificadores", "Modificadores\Modificadores.csproj", "{0EADB885-6703-4578-B7A8-72EA47513163}"
EndProject
Project("{FAE04EC0-301F-11D3-BF4B-00C04F79EFBC}") = "Polimorfismo", "Polimorfismo\Polimorfismo.csproj", "{929DA0D6-6FB2-48E9-A8F7-42DFDF660732}"
EndProject
Global
	GlobalSection(SolutionConfigurationPlatforms) = preSolution
		Debug|Any CPU = Debug|Any CPU
		Release|Any CPU = Release|Any CPU
	EndGlobalSection
	GlobalSection(ProjectConfigurationPlatforms) = postSolution
		{83BB486F-5911-4F12-8139-97343A95E5DC}.Debug|Any CPU.ActiveCfg = Debug|Any CPU
		{83BB486F-5911-4F12-8139-97343A95E5DC}.Debug|Any CPU.Build.0 = Debug|Any CPU
		{83BB486F-5911-4F12-8139-97343A95E5DC}.Release|Any CPU.ActiveCfg = Release|Any CPU
		{83BB486F-5911-4F12-8139-97343A95E5DC}.Release|Any CPU.Build.0 = Release|Any CPU
		{DE7F791D-2EE0-4882-AFD7-4A21FDE0969C}.Debug|Any CPU.ActiveCfg = Debug|Any CPU
		{DE7F791D-2EE0-4882-AFD7-4A21FDE0969C}.Debug|Any CPU.Build.0 = Debug|Any CPU
		{DE7F791D-2EE0-4882-AFD7-4A21FDE0969C}.Release|Any CPU.ActiveCfg = Release|Any CPU
		{DE7F791D-2EE0-4882-AFD7-4A21FDE0969C}.Release|Any CPU.Build.0 = Release|Any CPU
		{B040704E-A123-4CE7-8E75-F1515FBE3BEE}.Debug|Any CPU.ActiveCfg = Debug|Any CPU
		{B040704E-A123-4CE7-8E75-F1515FBE3BEE}.Debug|Any CPU.Build.0 = Debug|Any CPU
		{B040704E-A123-4CE7-8E75-F1515FBE3BEE}.Release|Any CPU.ActiveCfg = Release|Any CPU
		{B040704E-A123-4CE7-8E75-F1515FBE3BEE}.Release|Any CPU.Build.0 = Release|Any CPU
		{3EEED266-BCB4-4453-9D64-531688E1CC3C}.Debug|Any CPU.ActiveCfg = Debug|Any CPU
		{3EEED266-BCB4-4453-9D64-531688E1CC3C}.Debug|Any CPU.Build.0 = Debug|Any CPU
		{3EEED266-BCB4-4453-9D64-531688E1CC3C}.Release|Any CPU.ActiveCfg = Release|Any CPU
		{3EEED266-BCB4-4453-9D64-531688E1CC3C}.Release|Any CPU.Build.0 = Release|Any CPU
		{977D4B6F-783B-45B6-A3D1-B01D75360827}.Debug|Any CPU.ActiveCfg = Debug|Any CPU
		{977D4B6F-783B-45B6-A3D1-B01D75360827}.Debug|Any CPU.Build.0 = Debug|Any CPU
		{977D4B6F-783B-45B6-A3D1-B01D75360827}.Release|Any CPU.ActiveCfg = Release|Any CPU
		{977D4B6F-783B-45B6-A3D1-B01D75360827}.Release|Any CPU.Build.0 = Release|Any CPU
		{90F0D1E1-01D3-4651-9D9D-86EA53ECEFFB}.Debug|Any CPU.ActiveCfg = Debug|Any CPU
		{90F0D1E1-01D3-4651-9D9D-86EA53ECEFFB}.Debug|Any CPU.Build.0 = Debug|Any CPU
		{90F0D1E1-01D3-4651-9D9D-86EA53ECEFFB}.Release|Any CPU.ActiveCfg = Release|Any CPU
		{90F0D1E1-01D3-4651-9D9D-86EA53ECEFFB}.Release|Any CPU.Build.0 = Release|Any CPU
		{1D38724A-96D5-432E-9BE4-24DCDE74D54C}.Debug|Any CPU.ActiveCfg = Debug|Any CPU
		{1D38724A-96D5-432E-9BE4-24DCDE74D54C}.Debug|Any CPU.Build.0 = Debug|Any CPU
		{1D38724A-96D5-432E-9BE4-24DCDE74D54C}.Release|Any CPU.ActiveCfg = Release|Any CPU
		{1D38724A-96D5-432E-9BE4-24DCDE74D54C}.Release|Any CPU.Build.0 = Release|Any CPU
		{04062A11-7A88-453E-92CB-4134F4597DC7}.Debug|Any CPU.ActiveCfg = Debug|Any CPU
		{04062A11-7A88-453E-92CB-4134F4597DC7}.Debug|Any CPU.Build.0 = Debug|Any CPU
		{04062A11-7A88-453E-92CB-4134F4597DC7}.Release|Any CPU.ActiveCfg = Release|Any CPU
		{04062A11-7A88-453E-92CB-4134F4597DC7}.Release|Any CPU.Build.0 = Release|Any CPU
		{C36C0FC7-DDEF-4198-907F-325EE15AEE98}.Debug|Any CPU.ActiveCfg = Debug|Any CPU
		{C36C0FC7-DDEF-4198-907F-325EE15AEE98}.Debug|Any CPU.Build.0 = Debug|Any CPU
		{C36C0FC7-DDEF-4198-907F-325EE15AEE98}.Release|Any CPU.ActiveCfg = Release|Any CPU
		{C36C0FC7-DDEF-4198-907F-325EE15AEE98}.Release|Any CPU.Build.0 = Release|Any CPU
		{0EADB885-6703-4578-B7A8-72EA47513163}.Debug|Any CPU.ActiveCfg = Debug|Any CPU
		{0EADB885-6703-4578-B7A8-72EA47513163}.Debug|Any CPU.Build.0 = Debug|Any CPU
		{0EADB885-6703-4578-B7A8-72EA47513163}.Release|Any CPU.ActiveCfg = Release|Any CPU
		{0EADB885-6703-4578-B7A8-72EA47513163}.Release|Any CPU.Build.0 = Release|Any CPU
		{929DA0D6-6FB2-48E9-A8F7-42DFDF660732}.Debug|Any CPU.ActiveCfg = Debug|Any CPU
		{929DA0D6-6FB2-48E9-A8F7-42DFDF660732}.Debug|Any CPU.Build.0 = Debug|Any CPU
		{929DA0D6-6FB2-48E9-A8F7-42DFDF660732}.Release|Any CPU.ActiveCfg = Release|Any CPU
		{929DA0D6-6FB2-48E9-A8F7-42DFDF660732}.Release|Any CPU.Build.0 = Release|Any CPU
	EndGlobalSection
	GlobalSection(SolutionProperties) = preSolution
		HideSolutionNode = FALSE
	EndGlobalSection
	GlobalSection(ExtensibilityGlobals) = postSolution
		SolutionGuid = {E395F466-5AAE-4626-A2AF-56F20C9FE084}
	EndGlobalSection
EndGlobal
